
Microsoft Visual Studio Solution File, Format Version 12.00
# Visual Studio Version 17
VisualStudioVersion = 17.2.32630.192
MinimumVisualStudioVersion = 10.0.40219.1
Project("{9A19103F-16F7-4668-BE54-9A1E7A4F7556}") = "JobApplicationManager", "JobApplicationManager\JobApplicationManager.csproj", "{1D27629D-5712-4931-9B5E-77E77DE36F03}"
EndProject
Project("{9A19103F-16F7-4668-BE54-9A1E7A4F7556}") = "JobApplicationManager.Core", "JobApplicationManager.Core\JobApplicationManager.Core.csproj", "{52387911-F229-403D-8BAD-0503D4B84B48}"
EndProject
Project("{9A19103F-16F7-4668-BE54-9A1E7A4F7556}") = "JobApplicationManager.Tests.MSTest", "JobApplicationManager.Tests.MSTest\JobApplicationManager.Tests.MSTest.csproj", "{2E940063-0ED1-4A3C-8FBA-DAD65F46E521}"
EndProject
Project("{2150E333-8FDC-42A3-9474-1A3956D46DE8}") = "Projektmappenelemente", "Projektmappenelemente", "{8F0AFBC5-E24F-4BE6-9850-05F796CDC23F}"
	ProjectSection(SolutionItems) = preProject
		CHANGELOG.md = CHANGELOG.md
		CONTRIBUTING.md = CONTRIBUTING.md
		MAINTENANCE.md = MAINTENANCE.md
		README.md = README.md
		RELEASEDOC.txt = RELEASEDOC.txt
	EndProjectSection
EndProject
Global
	GlobalSection(SolutionConfigurationPlatforms) = preSolution
		Debug|Any CPU = Debug|Any CPU
		Debug|arm64 = Debug|arm64
		Debug|x64 = Debug|x64
		Debug|x86 = Debug|x86
		Release|Any CPU = Release|Any CPU
		Release|arm64 = Release|arm64
		Release|x64 = Release|x64
		Release|x86 = Release|x86
	EndGlobalSection
	GlobalSection(ProjectConfigurationPlatforms) = postSolution
		{1D27629D-5712-4931-9B5E-77E77DE36F03}.Debug|Any CPU.ActiveCfg = Debug|x64
		{1D27629D-5712-4931-9B5E-77E77DE36F03}.Debug|Any CPU.Build.0 = Debug|x64
		{1D27629D-5712-4931-9B5E-77E77DE36F03}.Debug|Any CPU.Deploy.0 = Debug|x64
		{1D27629D-5712-4931-9B5E-77E77DE36F03}.Debug|arm64.ActiveCfg = Debug|arm64
		{1D27629D-5712-4931-9B5E-77E77DE36F03}.Debug|arm64.Build.0 = Debug|arm64
		{1D27629D-5712-4931-9B5E-77E77DE36F03}.Debug|arm64.Deploy.0 = Debug|arm64
		{1D27629D-5712-4931-9B5E-77E77DE36F03}.Debug|x64.ActiveCfg = Debug|x64
		{1D27629D-5712-4931-9B5E-77E77DE36F03}.Debug|x64.Build.0 = Debug|x64
		{1D27629D-5712-4931-9B5E-77E77DE36F03}.Debug|x86.ActiveCfg = Debug|x64
		{1D27629D-5712-4931-9B5E-77E77DE36F03}.Debug|x86.Build.0 = Debug|x64
		{1D27629D-5712-4931-9B5E-77E77DE36F03}.Debug|x86.Deploy.0 = Debug|x64
		{1D27629D-5712-4931-9B5E-77E77DE36F03}.Release|Any CPU.ActiveCfg = Release|x64
		{1D27629D-5712-4931-9B5E-77E77DE36F03}.Release|Any CPU.Build.0 = Release|x64
		{1D27629D-5712-4931-9B5E-77E77DE36F03}.Release|Any CPU.Deploy.0 = Release|x64
		{1D27629D-5712-4931-9B5E-77E77DE36F03}.Release|arm64.ActiveCfg = Release|arm64
		{1D27629D-5712-4931-9B5E-77E77DE36F03}.Release|arm64.Build.0 = Release|arm64
		{1D27629D-5712-4931-9B5E-77E77DE36F03}.Release|arm64.Deploy.0 = Release|arm64
		{1D27629D-5712-4931-9B5E-77E77DE36F03}.Release|x64.ActiveCfg = Release|x64
		{1D27629D-5712-4931-9B5E-77E77DE36F03}.Release|x64.Build.0 = Release|x64
		{1D27629D-5712-4931-9B5E-77E77DE36F03}.Release|x86.ActiveCfg = Release|x86
		{1D27629D-5712-4931-9B5E-77E77DE36F03}.Release|x86.Build.0 = Release|x86
		{52387911-F229-403D-8BAD-0503D4B84B48}.Debug|Any CPU.ActiveCfg = Debug|Any CPU
		{52387911-F229-403D-8BAD-0503D4B84B48}.Debug|Any CPU.Build.0 = Debug|Any CPU
		{52387911-F229-403D-8BAD-0503D4B84B48}.Debug|arm64.ActiveCfg = Debug|arm64
		{52387911-F229-403D-8BAD-0503D4B84B48}.Debug|arm64.Build.0 = Debug|arm64
		{52387911-F229-403D-8BAD-0503D4B84B48}.Debug|x64.ActiveCfg = Debug|x64
		{52387911-F229-403D-8BAD-0503D4B84B48}.Debug|x64.Build.0 = Debug|x64
		{52387911-F229-403D-8BAD-0503D4B84B48}.Debug|x86.ActiveCfg = Debug|x64
		{52387911-F229-403D-8BAD-0503D4B84B48}.Debug|x86.Build.0 = Debug|x64
		{52387911-F229-403D-8BAD-0503D4B84B48}.Release|Any CPU.ActiveCfg = Release|Any CPU
		{52387911-F229-403D-8BAD-0503D4B84B48}.Release|Any CPU.Build.0 = Release|Any CPU
		{52387911-F229-403D-8BAD-0503D4B84B48}.Release|arm64.ActiveCfg = Release|arm64
		{52387911-F229-403D-8BAD-0503D4B84B48}.Release|arm64.Build.0 = Release|arm64
		{52387911-F229-403D-8BAD-0503D4B84B48}.Release|x64.ActiveCfg = Release|x64
		{52387911-F229-403D-8BAD-0503D4B84B48}.Release|x64.Build.0 = Release|x64
		{52387911-F229-403D-8BAD-0503D4B84B48}.Release|x86.ActiveCfg = Release|x86
		{52387911-F229-403D-8BAD-0503D4B84B48}.Release|x86.Build.0 = Release|x86
		{2E940063-0ED1-4A3C-8FBA-DAD65F46E521}.Debug|Any CPU.ActiveCfg = Debug|x64
		{2E940063-0ED1-4A3C-8FBA-DAD65F46E521}.Debug|Any CPU.Build.0 = Debug|x64
		{2E940063-0ED1-4A3C-8FBA-DAD65F46E521}.Debug|arm64.ActiveCfg = Debug|arm64
		{2E940063-0ED1-4A3C-8FBA-DAD65F46E521}.Debug|arm64.Build.0 = Debug|arm64
		{2E940063-0ED1-4A3C-8FBA-DAD65F46E521}.Debug|x64.ActiveCfg = Debug|x64
		{2E940063-0ED1-4A3C-8FBA-DAD65F46E521}.Debug|x64.Build.0 = Debug|x64
		{2E940063-0ED1-4A3C-8FBA-DAD65F46E521}.Debug|x86.ActiveCfg = Debug|x64
		{2E940063-0ED1-4A3C-8FBA-DAD65F46E521}.Debug|x86.Build.0 = Debug|x64
		{2E940063-0ED1-4A3C-8FBA-DAD65F46E521}.Release|Any CPU.ActiveCfg = Release|x64
		{2E940063-0ED1-4A3C-8FBA-DAD65F46E521}.Release|Any CPU.Build.0 = Release|x64
		{2E940063-0ED1-4A3C-8FBA-DAD65F46E521}.Release|arm64.ActiveCfg = Release|arm64
		{2E940063-0ED1-4A3C-8FBA-DAD65F46E521}.Release|arm64.Build.0 = Release|arm64
		{2E940063-0ED1-4A3C-8FBA-DAD65F46E521}.Release|x64.ActiveCfg = Release|x64
		{2E940063-0ED1-4A3C-8FBA-DAD65F46E521}.Release|x64.Build.0 = Release|x64
		{2E940063-0ED1-4A3C-8FBA-DAD65F46E521}.Release|x86.ActiveCfg = Release|x86
		{2E940063-0ED1-4A3C-8FBA-DAD65F46E521}.Release|x86.Build.0 = Release|x86
	EndGlobalSection
	GlobalSection(SolutionProperties) = preSolution
		HideSolutionNode = FALSE
	EndGlobalSection
	GlobalSection(ExtensibilityGlobals) = postSolution
		SolutionGuid = {B10AF99E-859E-4C84-B581-1854E23D9642}
	EndGlobalSection
EndGlobal
